
Microsoft Visual Studio Solution File, Format Version 12.00
# Visual Studio 14
VisualStudioVersion = 14.0.25420.1
MinimumVisualStudioVersion = 10.0.40219.1
Project("{FAE04EC0-301F-11D3-BF4B-00C04F79EFBC}") = "WorkingFilesList", "WorkingFilesList\WorkingFilesList.csproj", "{A2B18AFF-9AE2-43A1-85F0-C77D912B5E2E}"
EndProject
Project("{FAE04EC0-301F-11D3-BF4B-00C04F79EFBC}") = "WorkingFilesList.Test", "WorkingFilesList.Test\WorkingFilesList.Test.csproj", "{4CC7DF71-4061-4E2B-9FCD-1A6A4337FDA2}"
EndProject
Project("{FAE04EC0-301F-11D3-BF4B-00C04F79EFBC}") = "WorkingFilesList.ToolWindow", "WorkingFilesList.ToolWindow\WorkingFilesList.ToolWindow.csproj", "{29EBF580-9E29-46D4-BD18-11DB06FE1861}"
EndProject
Project("{FAE04EC0-301F-11D3-BF4B-00C04F79EFBC}") = "WorkingFilesList.ToolWindow.Test", "WorkingFilesList.ToolWindow.Test\WorkingFilesList.ToolWindow.Test.csproj", "{18F82948-FEDB-44FC-9E5A-6F2A32540A85}"
EndProject
Project("{FAE04EC0-301F-11D3-BF4B-00C04F79EFBC}") = "WorkingFilesList.OptionsDialoguePage", "WorkingFilesList.OptionsDialoguePage\WorkingFilesList.OptionsDialoguePage.csproj", "{006B8580-C063-4478-818B-625783DADA43}"
EndProject
Project("{FAE04EC0-301F-11D3-BF4B-00C04F79EFBC}") = "WorkingFilesList.Core", "WorkingFilesList.Core\WorkingFilesList.Core.csproj", "{A0C5BDB5-6398-42A9-9262-463F15FD364B}"
EndProject
Project("{FAE04EC0-301F-11D3-BF4B-00C04F79EFBC}") = "WorkingFilesList.Core.Test", "WorkingFilesList.Core.Test\WorkingFilesList.Core.Test.csproj", "{6E9F5F41-AEDD-4DAF-86D5-73A0CCAE1346}"
EndProject
Global
	GlobalSection(SolutionConfigurationPlatforms) = preSolution
		Debug|Any CPU = Debug|Any CPU
		Release|Any CPU = Release|Any CPU
	EndGlobalSection
	GlobalSection(ProjectConfigurationPlatforms) = postSolution
		{A2B18AFF-9AE2-43A1-85F0-C77D912B5E2E}.Debug|Any CPU.ActiveCfg = Debug|Any CPU
		{A2B18AFF-9AE2-43A1-85F0-C77D912B5E2E}.Debug|Any CPU.Build.0 = Debug|Any CPU
		{A2B18AFF-9AE2-43A1-85F0-C77D912B5E2E}.Release|Any CPU.ActiveCfg = Release|Any CPU
		{A2B18AFF-9AE2-43A1-85F0-C77D912B5E2E}.Release|Any CPU.Build.0 = Release|Any CPU
		{4CC7DF71-4061-4E2B-9FCD-1A6A4337FDA2}.Debug|Any CPU.ActiveCfg = Debug|Any CPU
		{4CC7DF71-4061-4E2B-9FCD-1A6A4337FDA2}.Debug|Any CPU.Build.0 = Debug|Any CPU
		{4CC7DF71-4061-4E2B-9FCD-1A6A4337FDA2}.Release|Any CPU.ActiveCfg = Release|Any CPU
		{4CC7DF71-4061-4E2B-9FCD-1A6A4337FDA2}.Release|Any CPU.Build.0 = Release|Any CPU
		{29EBF580-9E29-46D4-BD18-11DB06FE1861}.Debug|Any CPU.ActiveCfg = Debug|Any CPU
		{29EBF580-9E29-46D4-BD18-11DB06FE1861}.Debug|Any CPU.Build.0 = Debug|Any CPU
		{29EBF580-9E29-46D4-BD18-11DB06FE1861}.Release|Any CPU.ActiveCfg = Release|Any CPU
		{29EBF580-9E29-46D4-BD18-11DB06FE1861}.Release|Any CPU.Build.0 = Release|Any CPU
		{18F82948-FEDB-44FC-9E5A-6F2A32540A85}.Debug|Any CPU.ActiveCfg = Debug|Any CPU
		{18F82948-FEDB-44FC-9E5A-6F2A32540A85}.Debug|Any CPU.Build.0 = Debug|Any CPU
		{18F82948-FEDB-44FC-9E5A-6F2A32540A85}.Release|Any CPU.ActiveCfg = Release|Any CPU
		{18F82948-FEDB-44FC-9E5A-6F2A32540A85}.Release|Any CPU.Build.0 = Release|Any CPU
		{006B8580-C063-4478-818B-625783DADA43}.Debug|Any CPU.ActiveCfg = Debug|Any CPU
		{006B8580-C063-4478-818B-625783DADA43}.Debug|Any CPU.Build.0 = Debug|Any CPU
		{006B8580-C063-4478-818B-625783DADA43}.Release|Any CPU.ActiveCfg = Release|Any CPU
		{006B8580-C063-4478-818B-625783DADA43}.Release|Any CPU.Build.0 = Release|Any CPU
		{A0C5BDB5-6398-42A9-9262-463F15FD364B}.Debug|Any CPU.ActiveCfg = Debug|Any CPU
		{A0C5BDB5-6398-42A9-9262-463F15FD364B}.Debug|Any CPU.Build.0 = Debug|Any CPU
		{A0C5BDB5-6398-42A9-9262-463F15FD364B}.Release|Any CPU.ActiveCfg = Release|Any CPU
		{A0C5BDB5-6398-42A9-9262-463F15FD364B}.Release|Any CPU.Build.0 = Release|Any CPU
		{6E9F5F41-AEDD-4DAF-86D5-73A0CCAE1346}.Debug|Any CPU.ActiveCfg = Debug|Any CPU
		{6E9F5F41-AEDD-4DAF-86D5-73A0CCAE1346}.Debug|Any CPU.Build.0 = Debug|Any CPU
		{6E9F5F41-AEDD-4DAF-86D5-73A0CCAE1346}.Release|Any CPU.ActiveCfg = Release|Any CPU
		{6E9F5F41-AEDD-4DAF-86D5-73A0CCAE1346}.Release|Any CPU.Build.0 = Release|Any CPU
	EndGlobalSection
	GlobalSection(SolutionProperties) = preSolution
		HideSolutionNode = FALSE
	EndGlobalSection
EndGlobal
